
Microsoft Visual Studio Solution File, Format Version 12.00
# Visual Studio Version 17
VisualStudioVersion = 17.6.33829.357
MinimumVisualStudioVersion = 10.0.40219.1
Project("{FAE04EC0-301F-11D3-BF4B-00C04F79EFBC}") = "StudentRegistrationApplication", "WindowsApplication\StudentRegistrationApplication.csproj", "{743E07F5-219A-4AFD-9670-5587F39AC288}"
EndProject
Global
	GlobalSection(SolutionConfigurationPlatforms) = preSolution
		Debug|Any CPU = Debug|Any CPU
		Release|Any CPU = Release|Any CPU
	EndGlobalSection
	GlobalSection(ProjectConfigurationPlatforms) = postSolution
		{743E07F5-219A-4AFD-9670-5587F39AC288}.Debug|Any CPU.ActiveCfg = Debug|Any CPU
		{743E07F5-219A-4AFD-9670-5587F39AC288}.Debug|Any CPU.Build.0 = Debug|Any CPU
		{743E07F5-219A-4AFD-9670-5587F39AC288}.Release|Any CPU.ActiveCfg = Release|Any CPU
		{743E07F5-219A-4AFD-9670-5587F39AC288}.Release|Any CPU.Build.0 = Release|Any CPU
	EndGlobalSection
	GlobalSection(SolutionProperties) = preSolution
		HideSolutionNode = FALSE
	EndGlobalSection
	GlobalSection(ExtensibilityGlobals) = postSolution
		SolutionGuid = {738224E5-AF6F-4698-837F-A6174EEA32A6}
	EndGlobalSection
EndGlobal
